
Microsoft Visual Studio Solution File, Format Version 12.00
# Visual Studio Version 17
VisualStudioVersion = 17.0.31903.59
MinimumVisualStudioVersion = 10.0.40219.1
Project("{2150E333-8FDC-42A3-9474-1A3956D46DE8}") = "backend", "backend", "{1AE8ACA6-933B-BF2A-3671-3E2EAC007D16}"
EndProject
Project("{FAE04EC0-301F-11D3-BF4B-00C04F79EFBC}") = "RSSFeedReader.Api", "backend\RSSFeedReader.Api\RSSFeedReader.Api.csproj", "{BEE8D6F3-03CE-4F90-BE5B-C7A14EAAF6B2}"
EndProject
Project("{2150E333-8FDC-42A3-9474-1A3956D46DE8}") = "frontend", "frontend", "{CE609670-85B9-0D16-FB54-ED063D5D8A6D}"
EndProject
Project("{FAE04EC0-301F-11D3-BF4B-00C04F79EFBC}") = "RSSFeedReader.UI", "frontend\RSSFeedReader.UI\RSSFeedReader.UI.csproj", "{846F51D7-0449-4BDB-BA64-594CB510F0ED}"
EndProject
Project("{2150E333-8FDC-42A3-9474-1A3956D46DE8}") = "tests", "tests", "{0AB3BF05-4346-4AA6-1389-037BE0695223}"
EndProject
Project("{FAE04EC0-301F-11D3-BF4B-00C04F79EFBC}") = "RSSFeedReader.Api.Tests", "tests\RSSFeedReader.Api.Tests\RSSFeedReader.Api.Tests.csproj", "{F38584DD-974F-4D97-A5EE-2E3AD22E4958}"
EndProject
Global
	GlobalSection(SolutionConfigurationPlatforms) = preSolution
		Debug|Any CPU = Debug|Any CPU
		Debug|x64 = Debug|x64
		Debug|x86 = Debug|x86
		Release|Any CPU = Release|Any CPU
		Release|x64 = Release|x64
		Release|x86 = Release|x86
	EndGlobalSection
	GlobalSection(ProjectConfigurationPlatforms) = postSolution
		{BEE8D6F3-03CE-4F90-BE5B-C7A14EAAF6B2}.Debug|Any CPU.ActiveCfg = Debug|Any CPU
		{BEE8D6F3-03CE-4F90-BE5B-C7A14EAAF6B2}.Debug|Any CPU.Build.0 = Debug|Any CPU
		{BEE8D6F3-03CE-4F90-BE5B-C7A14EAAF6B2}.Debug|x64.ActiveCfg = Debug|Any CPU
		{BEE8D6F3-03CE-4F90-BE5B-C7A14EAAF6B2}.Debug|x64.Build.0 = Debug|Any CPU
		{BEE8D6F3-03CE-4F90-BE5B-C7A14EAAF6B2}.Debug|x86.ActiveCfg = Debug|Any CPU
		{BEE8D6F3-03CE-4F90-BE5B-C7A14EAAF6B2}.Debug|x86.Build.0 = Debug|Any CPU
		{BEE8D6F3-03CE-4F90-BE5B-C7A14EAAF6B2}.Release|Any CPU.ActiveCfg = Release|Any CPU
		{BEE8D6F3-03CE-4F90-BE5B-C7A14EAAF6B2}.Release|Any CPU.Build.0 = Release|Any CPU
		{BEE8D6F3-03CE-4F90-BE5B-C7A14EAAF6B2}.Release|x64.ActiveCfg = Release|Any CPU
		{BEE8D6F3-03CE-4F90-BE5B-C7A14EAAF6B2}.Release|x64.Build.0 = Release|Any CPU
		{BEE8D6F3-03CE-4F90-BE5B-C7A14EAAF6B2}.Release|x86.ActiveCfg = Release|Any CPU
		{BEE8D6F3-03CE-4F90-BE5B-C7A14EAAF6B2}.Release|x86.Build.0 = Release|Any CPU
		{846F51D7-0449-4BDB-BA64-594CB510F0ED}.Debug|Any CPU.ActiveCfg = Debug|Any CPU
		{846F51D7-0449-4BDB-BA64-594CB510F0ED}.Debug|Any CPU.Build.0 = Debug|Any CPU
		{846F51D7-0449-4BDB-BA64-594CB510F0ED}.Debug|x64.ActiveCfg = Debug|Any CPU
		{846F51D7-0449-4BDB-BA64-594CB510F0ED}.Debug|x64.Build.0 = Debug|Any CPU
		{846F51D7-0449-4BDB-BA64-594CB510F0ED}.Debug|x86.ActiveCfg = Debug|Any CPU
		{846F51D7-0449-4BDB-BA64-594CB510F0ED}.Debug|x86.Build.0 = Debug|Any CPU
		{846F51D7-0449-4BDB-BA64-594CB510F0ED}.Release|Any CPU.ActiveCfg = Release|Any CPU
		{846F51D7-0449-4BDB-BA64-594CB510F0ED}.Release|Any CPU.Build.0 = Release|Any CPU
		{846F51D7-0449-4BDB-BA64-594CB510F0ED}.Release|x64.ActiveCfg = Release|Any CPU
		{846F51D7-0449-4BDB-BA64-594CB510F0ED}.Release|x64.Build.0 = Release|Any CPU
		{846F51D7-0449-4BDB-BA64-594CB510F0ED}.Release|x86.ActiveCfg = Release|Any CPU
		{846F51D7-0449-4BDB-BA64-594CB510F0ED}.Release|x86.Build.0 = Release|Any CPU
		{F38584DD-974F-4D97-A5EE-2E3AD22E4958}.Debug|Any CPU.ActiveCfg = Debug|Any CPU
		{F38584DD-974F-4D97-A5EE-2E3AD22E4958}.Debug|Any CPU.Build.0 = Debug|Any CPU
		{F38584DD-974F-4D97-A5EE-2E3AD22E4958}.Debug|x64.ActiveCfg = Debug|Any CPU
		{F38584DD-974F-4D97-A5EE-2E3AD22E4958}.Debug|x64.Build.0 = Debug|Any CPU
		{F38584DD-974F-4D97-A5EE-2E3AD22E4958}.Debug|x86.ActiveCfg = Debug|Any CPU
		{F38584DD-974F-4D97-A5EE-2E3AD22E4958}.Debug|x86.Build.0 = Debug|Any CPU
		{F38584DD-974F-4D97-A5EE-2E3AD22E4958}.Release|Any CPU.ActiveCfg = Release|Any CPU
		{F38584DD-974F-4D97-A5EE-2E3AD22E4958}.Release|Any CPU.Build.0 = Release|Any CPU
		{F38584DD-974F-4D97-A5EE-2E3AD22E4958}.Release|x64.ActiveCfg = Release|Any CPU
		{F38584DD-974F-4D97-A5EE-2E3AD22E4958}.Release|x64.Build.0 = Release|Any CPU
		{F38584DD-974F-4D97-A5EE-2E3AD22E4958}.Release|x86.ActiveCfg = Release|Any CPU
		{F38584DD-974F-4D97-A5EE-2E3AD22E4958}.Release|x86.Build.0 = Release|Any CPU
	EndGlobalSection
	GlobalSection(SolutionProperties) = preSolution
		HideSolutionNode = FALSE
	EndGlobalSection
	GlobalSection(NestedProjects) = preSolution
		{BEE8D6F3-03CE-4F90-BE5B-C7A14EAAF6B2} = {1AE8ACA6-933B-BF2A-3671-3E2EAC007D16}
		{846F51D7-0449-4BDB-BA64-594CB510F0ED} = {CE609670-85B9-0D16-FB54-ED063D5D8A6D}
		{F38584DD-974F-4D97-A5EE-2E3AD22E4958} = {0AB3BF05-4346-4AA6-1389-037BE0695223}
	EndGlobalSection
EndGlobal
